
Microsoft Visual Studio Solution File, Format Version 12.00
# Visual Studio 15
VisualStudioVersion = 15.0.27130.2010
MinimumVisualStudioVersion = 10.0.40219.1
Project("{FAE04EC0-301F-11D3-BF4B-00C04F79EFBC}") = "AdDataAggregation", "AdDataAggregation\AdDataAggregation.csproj", "{D63EA671-B239-4B2A-8F7E-8C28D46083F7}"
EndProject
Project("{9A19103F-16F7-4668-BE54-9A1E7A4F7556}") = "FilterPlugins", "FilterPlugins\FilterPlugins.csproj", "{9BB1A993-B439-4C35-B8BF-C1BC3552E1B8}"
EndProject
Project("{FAE04EC0-301F-11D3-BF4B-00C04F79EFBC}") = "AdModels", "AdModels\AdModels.csproj", "{3C358E4E-CA5D-4403-A83B-25BABCCC024F}"
EndProject
Global
	GlobalSection(SolutionConfigurationPlatforms) = preSolution
		Debug|Any CPU = Debug|Any CPU
		Release|Any CPU = Release|Any CPU
	EndGlobalSection
	GlobalSection(ProjectConfigurationPlatforms) = postSolution
		{D63EA671-B239-4B2A-8F7E-8C28D46083F7}.Debug|Any CPU.ActiveCfg = Debug|Any CPU
		{D63EA671-B239-4B2A-8F7E-8C28D46083F7}.Debug|Any CPU.Build.0 = Debug|Any CPU
		{D63EA671-B239-4B2A-8F7E-8C28D46083F7}.Release|Any CPU.ActiveCfg = Release|Any CPU
		{D63EA671-B239-4B2A-8F7E-8C28D46083F7}.Release|Any CPU.Build.0 = Release|Any CPU
		{9BB1A993-B439-4C35-B8BF-C1BC3552E1B8}.Debug|Any CPU.ActiveCfg = Debug|Any CPU
		{9BB1A993-B439-4C35-B8BF-C1BC3552E1B8}.Debug|Any CPU.Build.0 = Debug|Any CPU
		{9BB1A993-B439-4C35-B8BF-C1BC3552E1B8}.Release|Any CPU.ActiveCfg = Release|Any CPU
		{9BB1A993-B439-4C35-B8BF-C1BC3552E1B8}.Release|Any CPU.Build.0 = Release|Any CPU
		{3C358E4E-CA5D-4403-A83B-25BABCCC024F}.Debug|Any CPU.ActiveCfg = Debug|Any CPU
		{3C358E4E-CA5D-4403-A83B-25BABCCC024F}.Debug|Any CPU.Build.0 = Debug|Any CPU
		{3C358E4E-CA5D-4403-A83B-25BABCCC024F}.Release|Any CPU.ActiveCfg = Release|Any CPU
		{3C358E4E-CA5D-4403-A83B-25BABCCC024F}.Release|Any CPU.Build.0 = Release|Any CPU
	EndGlobalSection
	GlobalSection(SolutionProperties) = preSolution
		HideSolutionNode = FALSE
	EndGlobalSection
	GlobalSection(ExtensibilityGlobals) = postSolution
		SolutionGuid = {D3D92C71-3F7E-4D83-9DAB-397521F6EA7F}
	EndGlobalSection
EndGlobal
